
Microsoft Visual Studio Solution File, Format Version 12.00
# Visual Studio 15
VisualStudioVersion = 15.0.28307.572
MinimumVisualStudioVersion = 10.0.40219.1
Project("{FAE04EC0-301F-11D3-BF4B-00C04F79EFBC}") = "CGedit", "CGedit\CGedit.csproj", "{B314BC34-E62B-4601-91B1-C7A06B328AF9}"
EndProject
Global
	GlobalSection(SolutionConfigurationPlatforms) = preSolution
		Debug|Any CPU = Debug|Any CPU
		Release|Any CPU = Release|Any CPU
	EndGlobalSection
	GlobalSection(ProjectConfigurationPlatforms) = postSolution
		{B314BC34-E62B-4601-91B1-C7A06B328AF9}.Debug|Any CPU.ActiveCfg = Debug|Any CPU
		{B314BC34-E62B-4601-91B1-C7A06B328AF9}.Debug|Any CPU.Build.0 = Debug|Any CPU
		{B314BC34-E62B-4601-91B1-C7A06B328AF9}.Release|Any CPU.ActiveCfg = Release|Any CPU
		{B314BC34-E62B-4601-91B1-C7A06B328AF9}.Release|Any CPU.Build.0 = Release|Any CPU
	EndGlobalSection
	GlobalSection(SolutionProperties) = preSolution
		HideSolutionNode = FALSE
	EndGlobalSection
	GlobalSection(ExtensibilityGlobals) = postSolution
		SolutionGuid = {917330F6-4B5D-4B28-AE6F-C248CD0D7D1C}
	EndGlobalSection
EndGlobal
